
Microsoft Visual Studio Solution File, Format Version 12.00
# Visual Studio Version 16
VisualStudioVersion = 16.0.28729.10
MinimumVisualStudioVersion = 10.0.40219.1
Project("{FAE04EC0-301F-11D3-BF4B-00C04F79EFBC}") = "WpfApp1", "WpfApp1\WpfApp1.csproj", "{AA348352-71D0-418B-96C5-72D3257D4530}"
EndProject
Global
	GlobalSection(SolutionConfigurationPlatforms) = preSolution
		Debug|Any CPU = Debug|Any CPU
		Release|Any CPU = Release|Any CPU
	EndGlobalSection
	GlobalSection(ProjectConfigurationPlatforms) = postSolution
		{AA348352-71D0-418B-96C5-72D3257D4530}.Debug|Any CPU.ActiveCfg = Debug|Any CPU
		{AA348352-71D0-418B-96C5-72D3257D4530}.Debug|Any CPU.Build.0 = Debug|Any CPU
		{AA348352-71D0-418B-96C5-72D3257D4530}.Release|Any CPU.ActiveCfg = Release|Any CPU
		{AA348352-71D0-418B-96C5-72D3257D4530}.Release|Any CPU.Build.0 = Release|Any CPU
	EndGlobalSection
	GlobalSection(SolutionProperties) = preSolution
		HideSolutionNode = FALSE
	EndGlobalSection
	GlobalSection(ExtensibilityGlobals) = postSolution
		SolutionGuid = {1C355D1E-02F2-4719-A6CB-5BB621FC5FA5}
	EndGlobalSection
EndGlobal
